// !$*UTF8*$!
{
	archiveVersion = 1;
	classes = {
	};
	objectVersion = 50;
	objects = {

/* Begin PBXBuildFile section */
		2540F6C825040DDA00768C7A /* AppDelegate.swift in Sources */ = {isa = PBXBuildFile; fileRef = 2540F6C725040DDA00768C7A /* AppDelegate.swift */; };
		2540F6CA25040DDA00768C7A /* SceneDelegate.swift in Sources */ = {isa = PBXBuildFile; fileRef = 2540F6C925040DDA00768C7A /* SceneDelegate.swift */; };
		2540F6CC25040DDA00768C7A /* ContentView.swift in Sources */ = {isa = PBXBuildFile; fileRef = 2540F6CB25040DDA00768C7A /* ContentView.swift */; };
		2540F6CE25040DDD00768C7A /* Assets.xcassets in Resources */ = {isa = PBXBuildFile; fileRef = 2540F6CD25040DDD00768C7A /* Assets.xcassets */; };
		2540F6D125040DDD00768C7A /* Preview Assets.xcassets in Resources */ = {isa = PBXBuildFile; fileRef = 2540F6D025040DDD00768C7A /* Preview Assets.xcassets */; };
		2540F6D425040DDD00768C7A /* LaunchScreen.storyboard in Resources */ = {isa = PBXBuildFile; fileRef = 2540F6D225040DDD00768C7A /* LaunchScreen.storyboard */; };
		2540F6DF25040DDD00768C7A /* howdyHack2020Tests.swift in Sources */ = {isa = PBXBuildFile; fileRef = 2540F6DE25040DDD00768C7A /* howdyHack2020Tests.swift */; };
		2540F6EA25040DDD00768C7A /* howdyHack2020UITests.swift in Sources */ = {isa = PBXBuildFile; fileRef = 2540F6E925040DDD00768C7A /* howdyHack2020UITests.swift */; };
/* End PBXBuildFile section */

/* Begin PBXContainerItemProxy section */
		2540F6DB25040DDD00768C7A /* PBXContainerItemProxy */ = {
			isa = PBXContainerItemProxy;
			containerPortal = 2540F6BC25040DD900768C7A /* Project object */;
			proxyType = 1;
			remoteGlobalIDString = 2540F6C325040DDA00768C7A;
			remoteInfo = howdyHack2020;
		};
		2540F6E625040DDD00768C7A /* PBXContainerItemProxy */ = {
			isa = PBXContainerItemProxy;
			containerPortal = 2540F6BC25040DD900768C7A /* Project object */;
			proxyType = 1;
			remoteGlobalIDString = 2540F6C325040DDA00768C7A;
			remoteInfo = howdyHack2020;
		};
/* End PBXContainerItemProxy section */

/* Begin PBXFileReference section */
		2540F6C425040DDA00768C7A /* howdyHack2020.app */ = {isa = PBXFileReference; explicitFileType = wrapper.application; includeInIndex = 0; path = howdyHack2020.app; sourceTree = BUILT_PRODUCTS_DIR; };
		2540F6C725040DDA00768C7A /* AppDelegate.swift */ = {isa = PBXFileReference; lastKnownFileType = sourcecode.swift; path = AppDelegate.swift; sourceTree = "<group>"; };
		2540F6C925040DDA00768C7A /* SceneDelegate.swift */ = {isa = PBXFileReference; lastKnownFileType = sourcecode.swift; path = SceneDelegate.swift; sourceTree = "<group>"; };
		2540F6CB25040DDA00768C7A /* ContentView.swift */ = {isa = PBXFileReference; lastKnownFileType = sourcecode.swift; path = ContentView.swift; sourceTree = "<group>"; };
		2540F6CD25040DDD00768C7A /* Assets.xcassets */ = {isa = PBXFileReference; lastKnownFileType = folder.assetcatalog; path = Assets.xcassets; sourceTree = "<group>"; };
		2540F6D025040DDD00768C7A /* Preview Assets.xcassets */ = {isa = PBXFileReference; lastKnownFileType = folder.assetcatalog; path = "Preview Assets.xcassets"; sourceTree = "<group>"; };
		2540F6D325040DDD00768C7A /* Base */ = {isa = PBXFileReference; lastKnownFileType = file.storyboard; name = Base; path = Base.lproj/LaunchScreen.storyboard; sourceTree = "<group>"; };
		2540F6D525040DDD00768C7A /* Info.plist */ = {isa = PBXFileReference; lastKnownFileType = text.plist.xml; path = Info.plist; sourceTree = "<group>"; };
		2540F6DA25040DDD00768C7A /* howdyHack2020Tests.xctest */ = {isa = PBXFileReference; explicitFileType = wrapper.cfbundle; includeInIndex = 0; path = howdyHack2020Tests.xctest; sourceTree = BUILT_PRODUCTS_DIR; };
		2540F6DE25040DDD00768C7A /* howdyHack2020Tests.swift */ = {isa = PBXFileReference; lastKnownFileType = sourcecode.swift; path = howdyHack2020Tests.swift; sourceTree = "<group>"; };
		2540F6E025040DDD00768C7A /* Info.plist */ = {isa = PBXFileReference; lastKnownFileType = text.plist.xml; path = Info.plist; sourceTree = "<group>"; };
		2540F6E525040DDD00768C7A /* howdyHack2020UITests.xctest */ = {isa = PBXFileReference; explicitFileType = wrapper.cfbundle; includeInIndex = 0; path = howdyHack2020UITests.xctest; sourceTree = BUILT_PRODUCTS_DIR; };
		2540F6E925040DDD00768C7A /* howdyHack2020UITests.swift */ = {isa = PBXFileReference; lastKnownFileType = sourcecode.swift; path = howdyHack2020UITests.swift; sourceTree = "<group>"; };
		2540F6EB25040DDD00768C7A /* Info.plist */ = {isa = PBXFileReference; lastKnownFileType = text.plist.xml; path = Info.plist; sourceTree = "<group>"; };
/* End PBXFileReference section */

/* Begin PBXFrameworksBuildPhase section */
		2540F6C125040DDA00768C7A /* Frameworks */ = {
			isa = PBXFrameworksBuildPhase;
			buildActionMask = 2147483647;
			files = (
			);
			runOnlyForDeploymentPostprocessing = 0;
		};
		2540F6D725040DDD00768C7A /* Frameworks */ = {
			isa = PBXFrameworksBuildPhase;
			buildActionMask = 2147483647;
			files = (
			);
			runOnlyForDeploymentPostprocessing = 0;
		};
		2540F6E225040DDD00768C7A /* Frameworks */ = {
			isa = PBXFrameworksBuildPhase;
			buildActionMask = 2147483647;
			files = (
			);
			runOnlyForDeploymentPostprocessing = 0;
		};
/* End PBXFrameworksBuildPhase section */

/* Begin PBXGroup section */
		2540F6BB25040DD900768C7A = {
			isa = PBXGroup;
			children = (
				2540F6C625040DDA00768C7A /* howdyHack2020 */,
				2540F6DD25040DDD00768C7A /* howdyHack2020Tests */,
				2540F6E825040DDD00768C7A /* howdyHack2020UITests */,
				2540F6C525040DDA00768C7A /* Products */,
			);
			sourceTree = "<group>";
		};
		2540F6C525040DDA00768C7A /* Products */ = {
			isa = PBXGroup;
			children = (
				2540F6C425040DDA00768C7A /* howdyHack2020.app */,
				2540F6DA25040DDD00768C7A /* howdyHack2020Tests.xctest */,
				2540F6E525040DDD00768C7A /* howdyHack2020UITests.xctest */,
			);
			name = Products;
			sourceTree = "<group>";
		};
		2540F6C625040DDA00768C7A /* howdyHack2020 */ = {
			isa = PBXGroup;
			children = (
				2540F6C725040DDA00768C7A /* AppDelegate.swift */,
				2540F6C925040DDA00768C7A /* SceneDelegate.swift */,
				2540F6CB25040DDA00768C7A /* ContentView.swift */,
				2540F6CD25040DDD00768C7A /* Assets.xcassets */,
				2540F6D225040DDD00768C7A /* LaunchScreen.storyboard */,
				2540F6D525040DDD00768C7A /* Info.plist */,
				2540F6CF25040DDD00768C7A /* Preview Content */,
			);
			path = howdyHack2020;
			sourceTree = "<group>";
		};
		2540F6CF25040DDD00768C7A /* Preview Content */ = {
			isa = PBXGroup;
			children = (
				2540F6D025040DDD00768C7A /* Preview Assets.xcassets */,
			);
			path = "Preview Content";
			sourceTree = "<group>";
		};
		2540F6DD25040DDD00768C7A /* howdyHack2020Tests */ = {
			isa = PBXGroup;
			children = (
				2540F6DE25040DDD00768C7A /* howdyHack2020Tests.swift */,
				2540F6E025040DDD00768C7A /* Info.plist */,
			);
			path = howdyHack2020Tests;
			sourceTree = "<group>";
		};
		2540F6E825040DDD00768C7A /* howdyHack2020UITests */ = {
			isa = PBXGroup;
			children = (
				2540F6E925040DDD00768C7A /* howdyHack2020UITests.swift */,
				2540F6EB25040DDD00768C7A /* Info.plist */,
			);
			path = howdyHack2020UITests;
			sourceTree = "<group>";
		};
/* End PBXGroup section */

/* Begin PBXNativeTarget section */
		2540F6C325040DDA00768C7A /* howdyHack2020 */ = {
			isa = PBXNativeTarget;
			buildConfigurationList = 2540F6EE25040DDD00768C7A /* Build configuration list for PBXNativeTarget "howdyHack2020" */;
			buildPhases = (
				2540F6C025040DDA00768C7A /* Sources */,
				2540F6C125040DDA00768C7A /* Frameworks */,
				2540F6C225040DDA00768C7A /* Resources */,
			);
			buildRules = (
			);
			dependencies = (
			);
			name = howdyHack2020;
			productName = howdyHack2020;
			productReference = 2540F6C425040DDA00768C7A /* howdyHack2020.app */;
			productType = "com.apple.product-type.application";
		};
		2540F6D925040DDD00768C7A /* howdyHack2020Tests */ = {
			isa = PBXNativeTarget;
			buildConfigurationList = 2540F6F125040DDD00768C7A /* Build configuration list for PBXNativeTarget "howdyHack2020Tests" */;
			buildPhases = (
				2540F6D625040DDD00768C7A /* Sources */,
				2540F6D725040DDD00768C7A /* Frameworks */,
				2540F6D825040DDD00768C7A /* Resources */,
			);
			buildRules = (
			);
			dependencies = (
				2540F6DC25040DDD00768C7A /* PBXTargetDependency */,
			);
			name = howdyHack2020Tests;
			productName = howdyHack2020Tests;
			productReference = 2540F6DA25040DDD00768C7A /* howdyHack2020Tests.xctest */;
			productType = "com.apple.product-type.bundle.unit-test";
		};
		2540F6E425040DDD00768C7A /* howdyHack2020UITests */ = {
			isa = PBXNativeTarget;
			buildConfigurationList = 2540F6F425040DDD00768C7A /* Build configuration list for PBXNativeTarget "howdyHack2020UITests" */;
			buildPhases = (
				2540F6E125040DDD00768C7A /* Sources */,
				2540F6E225040DDD00768C7A /* Frameworks */,
				2540F6E325040DDD00768C7A /* Resources */,
			);
			buildRules = (
			);
			dependencies = (
				2540F6E725040DDD00768C7A /* PBXTargetDependency */,
			);
			name = howdyHack2020UITests;
			productName = howdyHack2020UITests;
			productReference = 2540F6E525040DDD00768C7A /* howdyHack2020UITests.xctest */;
			productType = "com.apple.product-type.bundle.ui-testing";
		};
/* End PBXNativeTarget section */

/* Begin PBXProject section */
		2540F6BC25040DD900768C7A /* Project object */ = {
			isa = PBXProject;
			attributes = {
				LastSwiftUpdateCheck = 1170;
				LastUpgradeCheck = 1170;
				ORGANIZATIONNAME = "Michaela Matocha";
				TargetAttributes = {
					2540F6C325040DDA00768C7A = {
						CreatedOnToolsVersion = 11.7;
					};
					2540F6D925040DDD00768C7A = {
						CreatedOnToolsVersion = 11.7;
						TestTargetID = 2540F6C325040DDA00768C7A;
					};
					2540F6E425040DDD00768C7A = {
						CreatedOnToolsVersion = 11.7;
						TestTargetID = 2540F6C325040DDA00768C7A;
					};
				};
			};
			buildConfigurationList = 2540F6BF25040DD900768C7A /* Build configuration list for PBXProject "howdyHack2020" */;
			compatibilityVersion = "Xcode 9.3";
			developmentRegion = en;
			hasScannedForEncodings = 0;
			knownRegions = (
				en,
				Base,
			);
			mainGroup = 2540F6BB25040DD900768C7A;
			productRefGroup = 2540F6C525040DDA00768C7A /* Products */;
			projectDirPath = "";
			projectRoot = "";
			targets = (
				2540F6C325040DDA00768C7A /* howdyHack2020 */,
				2540F6D925040DDD00768C7A /* howdyHack2020Tests */,
				2540F6E425040DDD00768C7A /* howdyHack2020UITests */,
			);
		};
/* End PBXProject section */

/* Begin PBXResourcesBuildPhase section */
		2540F6C225040DDA00768C7A /* Resources */ = {
			isa = PBXResourcesBuildPhase;
			buildActionMask = 2147483647;
			files = (
				2540F6D425040DDD00768C7A /* LaunchScreen.storyboard in Resources */,
				2540F6D125040DDD00768C7A /* Preview Assets.xcassets in Resources */,
				2540F6CE25040DDD00768C7A /* Assets.xcassets in Resources */,
			);
			runOnlyForDeploymentPostprocessing = 0;
		};
		2540F6D825040DDD00768C7A /* Resources */ = {
			isa = PBXResourcesBuildPhase;
			buildActionMask = 2147483647;
			files = (
			);
			runOnlyForDeploymentPostprocessing = 0;
		};
		2540F6E325040DDD00768C7A /* Resources */ = {
			isa = PBXResourcesBuildPhase;
			buildActionMask = 2147483647;
			files = (
			);
			runOnlyForDeploymentPostprocessing = 0;
		};
/* End PBXResourcesBuildPhase section */

/* Begin PBXSourcesBuildPhase section */
		2540F6C025040DDA00768C7A /* Sources */ = {
			isa = PBXSourcesBuildPhase;
			buildActionMask = 2147483647;
			files = (
				2540F6C825040DDA00768C7A /* AppDelegate.swift in Sources */,
				2540F6CA25040DDA00768C7A /* SceneDelegate.swift in Sources */,
				2540F6CC25040DDA00768C7A /* ContentView.swift in Sources */,
			);
			runOnlyForDeploymentPostprocessing = 0;
		};
		2540F6D625040DDD00768C7A /* Sources */ = {
			isa = PBXSourcesBuildPhase;
			buildActionMask = 2147483647;
			files = (
				2540F6DF25040DDD00768C7A /* howdyHack2020Tests.swift in Sources */,
			);
			runOnlyForDeploymentPostprocessing = 0;
		};
		2540F6E125040DDD00768C7A /* Sources */ = {
			isa = PBXSourcesBuildPhase;
			buildActionMask = 2147483647;
			files = (
				2540F6EA25040DDD00768C7A /* howdyHack2020UITests.swift in Sources */,
			);
			runOnlyForDeploymentPostprocessing = 0;
		};
/* End PBXSourcesBuildPhase section */

/* Begin PBXTargetDependency section */
		2540F6DC25040DDD00768C7A /* PBXTargetDependency */ = {
			isa = PBXTargetDependency;
			target = 2540F6C325040DDA00768C7A /* howdyHack2020 */;
			targetProxy = 2540F6DB25040DDD00768C7A /* PBXContainerItemProxy */;
		};
		2540F6E725040DDD00768C7A /* PBXTargetDependency */ = {
			isa = PBXTargetDependency;
			target = 2540F6C325040DDA00768C7A /* howdyHack2020 */;
			targetProxy = 2540F6E625040DDD00768C7A /* PBXContainerItemProxy */;
		};
/* End PBXTargetDependency section */

/* Begin PBXVariantGroup section */
		2540F6D225040DDD00768C7A /* LaunchScreen.storyboard */ = {
			isa = PBXVariantGroup;
			children = (
				2540F6D325040DDD00768C7A /* Base */,
			);
			name = LaunchScreen.storyboard;
			sourceTree = "<group>";
		};
/* End PBXVariantGroup section */

/* Begin XCBuildConfiguration section */
		2540F6EC25040DDD00768C7A /* Debug */ = {
			isa = XCBuildConfiguration;
			buildSettings = {
				ALWAYS_SEARCH_USER_PATHS = NO;
				CLANG_ANALYZER_NONNULL = YES;
				CLANG_ANALYZER_NUMBER_OBJECT_CONVERSION = YES_AGGRESSIVE;
				CLANG_CXX_LANGUAGE_STANDARD = "gnu++14";
				CLANG_CXX_LIBRARY = "libc++";
				CLANG_ENABLE_MODULES = YES;
				CLANG_ENABLE_OBJC_ARC = YES;
				CLANG_ENABLE_OBJC_WEAK = YES;
				CLANG_WARN_BLOCK_CAPTURE_AUTORELEASING = YES;
				CLANG_WARN_BOOL_CONVERSION = YES;
				CLANG_WARN_COMMA = YES;
				CLANG_WARN_CONSTANT_CONVERSION = YES;
				CLANG_WARN_DEPRECATED_OBJC_IMPLEMENTATIONS = YES;
				CLANG_WARN_DIRECT_OBJC_ISA_USAGE = YES_ERROR;
				CLANG_WARN_DOCUMENTATION_COMMENTS = YES;
				CLANG_WARN_EMPTY_BODY = YES;
				CLANG_WARN_ENUM_CONVERSION = YES;
				CLANG_WARN_INFINITE_RECURSION = YES;
				CLANG_WARN_INT_CONVERSION = YES;
				CLANG_WARN_NON_LITERAL_NULL_CONVERSION = YES;
				CLANG_WARN_OBJC_IMPLICIT_RETAIN_SELF = YES;
				CLANG_WARN_OBJC_LITERAL_CONVERSION = YES;
				CLANG_WARN_OBJC_ROOT_CLASS = YES_ERROR;
				CLANG_WARN_RANGE_LOOP_ANALYSIS = YES;
				CLANG_WARN_STRICT_PROTOTYPES = YES;
				CLANG_WARN_SUSPICIOUS_MOVE = YES;
				CLANG_WARN_UNGUARDED_AVAILABILITY = YES_AGGRESSIVE;
				CLANG_WARN_UNREACHABLE_CODE = YES;
				CLANG_WARN__DUPLICATE_METHOD_MATCH = YES;
				COPY_PHASE_STRIP = NO;
				DEBUG_INFORMATION_FORMAT = dwarf;
				ENABLE_STRICT_OBJC_MSGSEND = YES;
				ENABLE_TESTABILITY = YES;
				GCC_C_LANGUAGE_STANDARD = gnu11;
				GCC_DYNAMIC_NO_PIC = NO;
				GCC_NO_COMMON_BLOCKS = YES;
				GCC_OPTIMIZATION_LEVEL = 0;
				GCC_PREPROCESSOR_DEFINITIONS = (
					"DEBUG=1",
					"$(inherited)",
				);
				GCC_WARN_64_TO_32_BIT_CONVERSION = YES;
				GCC_WARN_ABOUT_RETURN_TYPE = YES_ERROR;
				GCC_WARN_UNDECLARED_SELECTOR = YES;
				GCC_WARN_UNINITIALIZED_AUTOS = YES_AGGRESSIVE;
				GCC_WARN_UNUSED_FUNCTION = YES;
				GCC_WARN_UNUSED_VARIABLE = YES;
				IPHONEOS_DEPLOYMENT_TARGET = 13.7;
				MTL_ENABLE_DEBUG_INFO = INCLUDE_SOURCE;
				MTL_FAST_MATH = YES;
				ONLY_ACTIVE_ARCH = YES;
				SDKROOT = iphoneos;
				SWIFT_ACTIVE_COMPILATION_CONDITIONS = DEBUG;
				SWIFT_OPTIMIZATION_LEVEL = "-Onone";
			};
			name = Debug;
		};
		2540F6ED25040DDD00768C7A /* Release */ = {
			isa = XCBuildConfiguration;
			buildSettings = {
				ALWAYS_SEARCH_USER_PATHS = NO;
				CLANG_ANALYZER_NONNULL = YES;
				CLANG_ANALYZER_NUMBER_OBJECT_CONVERSION = YES_AGGRESSIVE;
				CLANG_CXX_LANGUAGE_STANDARD = "gnu++14";
				CLANG_CXX_LIBRARY = "libc++";
				CLANG_ENABLE_MODULES = YES;
				CLANG_ENABLE_OBJC_ARC = YES;
				CLANG_ENABLE_OBJC_WEAK = YES;
				CLANG_WARN_BLOCK_CAPTURE_AUTORELEASING = YES;
				CLANG_WARN_BOOL_CONVERSION = YES;
				CLANG_WARN_COMMA = YES;
				CLANG_WARN_CONSTANT_CONVERSION = YES;
				CLANG_WARN_DEPRECATED_OBJC_IMPLEMENTATIONS = YES;
				CLANG_WARN_DIRECT_OBJC_ISA_USAGE = YES_ERROR;
				CLANG_WARN_DOCUMENTATION_COMMENTS = YES;
				CLANG_WARN_EMPTY_BODY = YES;
				CLANG_WARN_ENUM_CONVERSION = YES;
				CLANG_WARN_INFINITE_RECURSION = YES;
				CLANG_WARN_INT_CONVERSION = YES;
				CLANG_WARN_NON_LITERAL_NULL_CONVERSION = YES;
				CLANG_WARN_OBJC_IMPLICIT_RETAIN_SELF = YES;
				CLANG_WARN_OBJC_LITERAL_CONVERSION = YES;
				CLANG_WARN_OBJC_ROOT_CLASS = YES_ERROR;
				CLANG_WARN_RANGE_LOOP_ANALYSIS = YES;
				CLANG_WARN_STRICT_PROTOTYPES = YES;
				CLANG_WARN_SUSPICIOUS_MOVE = YES;
				CLANG_WARN_UNGUARDED_AVAILABILITY = YES_AGGRESSIVE;
				CLANG_WARN_UNREACHABLE_CODE = YES;
				CLANG_WARN__DUPLICATE_METHOD_MATCH = YES;
				COPY_PHASE_STRIP = NO;
				DEBUG_INFORMATION_FORMAT = "dwarf-with-dsym";
				ENABLE_NS_ASSERTIONS = NO;
				ENABLE_STRICT_OBJC_MSGSEND = YES;
				GCC_C_LANGUAGE_STANDARD = gnu11;
				GCC_NO_COMMON_BLOCKS = YES;
				GCC_WARN_64_TO_32_BIT_CONVERSION = YES;
				GCC_WARN_ABOUT_RETURN_TYPE = YES_ERROR;
				GCC_WARN_UNDECLARED_SELECTOR = YES;
				GCC_WARN_UNINITIALIZED_AUTOS = YES_AGGRESSIVE;
				GCC_WARN_UNUSED_FUNCTION = YES;
				GCC_WARN_UNUSED_VARIABLE = YES;
				IPHONEOS_DEPLOYMENT_TARGET = 13.7;
				MTL_ENABLE_DEBUG_INFO = NO;
				MTL_FAST_MATH = YES;
				SDKROOT = iphoneos;
				SWIFT_COMPILATION_MODE = wholemodule;
				SWIFT_OPTIMIZATION_LEVEL = "-O";
				VALIDATE_PRODUCT = YES;
			};
			name = Release;
		};
		2540F6EF25040DDD00768C7A /* Debug */ = {
			isa = XCBuildConfiguration;
			buildSettings = {
				ASSETCATALOG_COMPILER_APPICON_NAME = AppIcon;
				CODE_SIGN_STYLE = Automatic;
				DEVELOPMENT_ASSET_PATHS = "\"howdyHack2020/Preview Content\"";
				ENABLE_PREVIEWS = YES;
				INFOPLIST_FILE = howdyHack2020/Info.plist;
				LD_RUNPATH_SEARCH_PATHS = (
					"$(inherited)",
					"@executable_path/Frameworks",
				);
				PRODUCT_BUNDLE_IDENTIFIER = m.howdyHack2020;
				PRODUCT_NAME = "$(TARGET_NAME)";
				SWIFT_VERSION = 5.0;
				TARGETED_DEVICE_FAMILY = "1,2";
			};
			name = Debug;
		};
		2540F6F025040DDD00768C7A /* Release */ = {
			isa = XCBuildConfiguration;
			buildSettings = {
				ASSETCATALOG_COMPILER_APPICON_NAME = AppIcon;
				CODE_SIGN_STYLE = Automatic;
				DEVELOPMENT_ASSET_PATHS = "\"howdyHack2020/Preview Content\"";
				ENABLE_PREVIEWS = YES;
				INFOPLIST_FILE = howdyHack2020/Info.plist;
				LD_RUNPATH_SEARCH_PATHS = (
					"$(inherited)",
					"@executable_path/Frameworks",
				);
				PRODUCT_BUNDLE_IDENTIFIER = m.howdyHack2020;
				PRODUCT_NAME = "$(TARGET_NAME)";
				SWIFT_VERSION = 5.0;
				TARGETED_DEVICE_FAMILY = "1,2";
			};
			name = Release;
		};
		2540F6F225040DDD00768C7A /* Debug */ = {
			isa = XCBuildConfiguration;
			buildSettings = {
				ALWAYS_EMBED_SWIFT_STANDARD_LIBRARIES = YES;
				BUNDLE_LOADER = "$(TEST_HOST)";
				CODE_SIGN_STYLE = Automatic;
				INFOPLIST_FILE = howdyHack2020Tests/Info.plist;
				IPHONEOS_DEPLOYMENT_TARGET = 13.7;
				LD_RUNPATH_SEARCH_PATHS = (
					"$(inherited)",
					"@executable_path/Frameworks",
					"@loader_path/Frameworks",
				);
				PRODUCT_BUNDLE_IDENTIFIER = m.howdyHack2020Tests;
				PRODUCT_NAME = "$(TARGET_NAME)";
				SWIFT_VERSION = 5.0;
				TARGETED_DEVICE_FAMILY = "1,2";
				TEST_HOST = "$(BUILT_PRODUCTS_DIR)/howdyHack2020.app/howdyHack2020";
			};
			name = Debug;
		};
		2540F6F325040DDD00768C7A /* Release */ = {
			isa = XCBuildConfiguration;
			buildSettings = {
				ALWAYS_EMBED_SWIFT_STANDARD_LIBRARIES = YES;
				BUNDLE_LOADER = "$(TEST_HOST)";
				CODE_SIGN_STYLE = Automatic;
				INFOPLIST_FILE = howdyHack2020Tests/Info.plist;
				IPHONEOS_DEPLOYMENT_TARGET = 13.7;
				LD_RUNPATH_SEARCH_PATHS = (
					"$(inherited)",
					"@executable_path/Frameworks",
					"@loader_path/Frameworks",
				);
				PRODUCT_BUNDLE_IDENTIFIER = m.howdyHack2020Tests;
				PRODUCT_NAME = "$(TARGET_NAME)";
				SWIFT_VERSION = 5.0;
				TARGETED_DEVICE_FAMILY = "1,2";
				TEST_HOST = "$(BUILT_PRODUCTS_DIR)/howdyHack2020.app/howdyHack2020";
			};
			name = Release;
		};
		2540F6F525040DDD00768C7A /* Debug */ = {
			isa = XCBuildConfiguration;
			buildSettings = {
				ALWAYS_EMBED_SWIFT_STANDARD_LIBRARIES = YES;
				CODE_SIGN_STYLE = Automatic;
				INFOPLIST_FILE = howdyHack2020UITests/Info.plist;
				LD_RUNPATH_SEARCH_PATHS = (
					"$(inherited)",
					"@executable_path/Frameworks",
					"@loader_path/Frameworks",
				);
				PRODUCT_BUNDLE_IDENTIFIER = m.howdyHack2020UITests;
				PRODUCT_NAME = "$(TARGET_NAME)";
				SWIFT_VERSION = 5.0;
				TARGETED_DEVICE_FAMILY = "1,2";
				TEST_TARGET_NAME = howdyHack2020;
			};
			name = Debug;
		};
		2540F6F625040DDD00768C7A /* Release */ = {
			isa = XCBuildConfiguration;
			buildSettings = {
				ALWAYS_EMBED_SWIFT_STANDARD_LIBRARIES = YES;
				CODE_SIGN_STYLE = Automatic;
				INFOPLIST_FILE = howdyHack2020UITests/Info.plist;
				LD_RUNPATH_SEARCH_PATHS = (
					"$(inherited)",
					"@executable_path/Frameworks",
					"@loader_path/Frameworks",
				);
				PRODUCT_BUNDLE_IDENTIFIER = m.howdyHack2020UITests;
				PRODUCT_NAME = "$(TARGET_NAME)";
				SWIFT_VERSION = 5.0;
				TARGETED_DEVICE_FAMILY = "1,2";
				TEST_TARGET_NAME = howdyHack2020;
			};
			name = Release;
		};
/* End XCBuildConfiguration section */

/* Begin XCConfigurationList section */
		2540F6BF25040DD900768C7A /* Build configuration list for PBXProject "howdyHack2020" */ = {
			isa = XCConfigurationList;
			buildConfigurations = (
				2540F6EC25040DDD00768C7A /* Debug */,
				2540F6ED25040DDD00768C7A /* Release */,
			);
			defaultConfigurationIsVisible = 0;
			defaultConfigurationName = Release;
		};
		2540F6EE25040DDD00768C7A /* Build configuration list for PBXNativeTarget "howdyHack2020" */ = {
			isa = XCConfigurationList;
			buildConfigurations = (
				2540F6EF25040DDD00768C7A /* Debug */,
				2540F6F025040DDD00768C7A /* Release */,
			);
			defaultConfigurationIsVisible = 0;
			defaultConfigurationName = Release;
		};
		2540F6F125040DDD00768C7A /* Build configuration list for PBXNativeTarget "howdyHack2020Tests" */ = {
			isa = XCConfigurationList;
			buildConfigurations = (
				2540F6F225040DDD00768C7A /* Debug */,
				2540F6F325040DDD00768C7A /* Release */,
			);
			defaultConfigurationIsVisible = 0;
			defaultConfigurationName = Release;
		};
		2540F6F425040DDD00768C7A /* Build configuration list for PBXNativeTarget "howdyHack2020UITests" */ = {
			isa = XCConfigurationList;
			buildConfigurations = (
				2540F6F525040DDD00768C7A /* Debug */,
				2540F6F625040DDD00768C7A /* Release */,
			);
			defaultConfigurationIsVisible = 0;
			defaultConfigurationName = Release;
		};
/* End XCConfigurationList section */
	};
	rootObject = 2540F6BC25040DD900768C7A /* Project object */;
}
